// !$*UTF8*$!
{
	archiveVersion = 1;
	classes = {
	};
	objectVersion = 56;
	objects = {

/* Begin PBXBuildFile section */
		8BAC3AAC2970DF050027456F /* CocktailsViewController.swift in Sources */ = {isa = PBXBuildFile; fileRef = 8BAC3AAB2970DF050027456F /* CocktailsViewController.swift */; };
		8BAC3AAE2970DFA40027456F /* CocktailCell.swift in Sources */ = {isa = PBXBuildFile; fileRef = 8BAC3AAD2970DFA40027456F /* CocktailCell.swift */; };
		8BCCFB4C296F115A00CCB76D /* AppDelegate.swift in Sources */ = {isa = PBXBuildFile; fileRef = 8BCCFB4B296F115A00CCB76D /* AppDelegate.swift */; };
		8BCCFB4E296F115A00CCB76D /* SceneDelegate.swift in Sources */ = {isa = PBXBuildFile; fileRef = 8BCCFB4D296F115A00CCB76D /* SceneDelegate.swift */; };
		8BCCFB50296F115A00CCB76D /* DetailedViewController.swift in Sources */ = {isa = PBXBuildFile; fileRef = 8BCCFB4F296F115A00CCB76D /* DetailedViewController.swift */; };
		8BCCFB53296F115A00CCB76D /* Main.storyboard in Resources */ = {isa = PBXBuildFile; fileRef = 8BCCFB51296F115A00CCB76D /* Main.storyboard */; };
		8BCCFB55296F115A00CCB76D /* Assets.xcassets in Resources */ = {isa = PBXBuildFile; fileRef = 8BCCFB54296F115A00CCB76D /* Assets.xcassets */; };
		8BCCFB58296F115A00CCB76D /* LaunchScreen.storyboard in Resources */ = {isa = PBXBuildFile; fileRef = 8BCCFB56296F115A00CCB76D /* LaunchScreen.storyboard */; };
		8BCCFB64296F122100CCB76D /* Model.swift in Sources */ = {isa = PBXBuildFile; fileRef = 8BCCFB63296F122100CCB76D /* Model.swift */; };
		8BCCFB67296F125A00CCB76D /* NetworkManager.swift in Sources */ = {isa = PBXBuildFile; fileRef = 8BCCFB66296F125A00CCB76D /* NetworkManager.swift */; };
		8BCCFB6A29702E5A00CCB76D /* IngredientCell.swift in Sources */ = {isa = PBXBuildFile; fileRef = 8BCCFB6929702E5A00CCB76D /* IngredientCell.swift */; };
/* End PBXBuildFile section */

/* Begin PBXFileReference section */
		8BAC3AAB2970DF050027456F /* CocktailsViewController.swift */ = {isa = PBXFileReference; lastKnownFileType = sourcecode.swift; path = CocktailsViewController.swift; sourceTree = "<group>"; };
		8BAC3AAD2970DFA40027456F /* CocktailCell.swift */ = {isa = PBXFileReference; lastKnownFileType = sourcecode.swift; path = CocktailCell.swift; sourceTree = "<group>"; };
		8BCCFB48296F115A00CCB76D /* Cocktail.app */ = {isa = PBXFileReference; explicitFileType = wrapper.application; includeInIndex = 0; path = Cocktail.app; sourceTree = BUILT_PRODUCTS_DIR; };
		8BCCFB4B296F115A00CCB76D /* AppDelegate.swift */ = {isa = PBXFileReference; lastKnownFileType = sourcecode.swift; path = AppDelegate.swift; sourceTree = "<group>"; };
		8BCCFB4D296F115A00CCB76D /* SceneDelegate.swift */ = {isa = PBXFileReference; lastKnownFileType = sourcecode.swift; path = SceneDelegate.swift; sourceTree = "<group>"; };
		8BCCFB4F296F115A00CCB76D /* DetailedViewController.swift */ = {isa = PBXFileReference; lastKnownFileType = sourcecode.swift; path = DetailedViewController.swift; sourceTree = "<group>"; };
		8BCCFB52296F115A00CCB76D /* Base */ = {isa = PBXFileReference; lastKnownFileType = file.storyboard; name = Base; path = Base.lproj/Main.storyboard; sourceTree = "<group>"; };
		8BCCFB54296F115A00CCB76D /* Assets.xcassets */ = {isa = PBXFileReference; lastKnownFileType = folder.assetcatalog; path = Assets.xcassets; sourceTree = "<group>"; };
		8BCCFB57296F115A00CCB76D /* Base */ = {isa = PBXFileReference; lastKnownFileType = file.storyboard; name = Base; path = Base.lproj/LaunchScreen.storyboard; sourceTree = "<group>"; };
		8BCCFB59296F115A00CCB76D /* Info.plist */ = {isa = PBXFileReference; lastKnownFileType = text.plist.xml; path = Info.plist; sourceTree = "<group>"; };
		8BCCFB63296F122100CCB76D /* Model.swift */ = {isa = PBXFileReference; lastKnownFileType = sourcecode.swift; path = Model.swift; sourceTree = "<group>"; };
		8BCCFB66296F125A00CCB76D /* NetworkManager.swift */ = {isa = PBXFileReference; lastKnownFileType = sourcecode.swift; path = NetworkManager.swift; sourceTree = "<group>"; };
		8BCCFB6929702E5A00CCB76D /* IngredientCell.swift */ = {isa = PBXFileReference; lastKnownFileType = sourcecode.swift; path = IngredientCell.swift; sourceTree = "<group>"; };
/* End PBXFileReference section */

/* Begin PBXFrameworksBuildPhase section */
		8BCCFB45296F115A00CCB76D /* Frameworks */ = {
			isa = PBXFrameworksBuildPhase;
			buildActionMask = 2147483647;
			files = (
			);
			runOnlyForDeploymentPostprocessing = 0;
		};
/* End PBXFrameworksBuildPhase section */

/* Begin PBXGroup section */
		8BCCFB3F296F115A00CCB76D = {
			isa = PBXGroup;
			children = (
				8BCCFB4A296F115A00CCB76D /* Cocktail */,
				8BCCFB49296F115A00CCB76D /* Products */,
			);
			sourceTree = "<group>";
		};
		8BCCFB49296F115A00CCB76D /* Products */ = {
			isa = PBXGroup;
			children = (
				8BCCFB48296F115A00CCB76D /* Cocktail.app */,
			);
			name = Products;
			sourceTree = "<group>";
		};
		8BCCFB4A296F115A00CCB76D /* Cocktail */ = {
			isa = PBXGroup;
			children = (
				8BCCFB68296F126300CCB76D /* Services */,
				8BCCFB5F296F118800CCB76D /* App */,
				8BCCFB62296F11B900CCB76D /* Viewcontrollers */,
				8BCCFB60296F119A00CCB76D /* Storyboards */,
				8BCCFB61296F11AB00CCB76D /* Resource */,
				8BCCFB65296F122700CCB76D /* Models */,
				8BCCFB6B29702E7B00CCB76D /* Views */,
			);
			path = Cocktail;
			sourceTree = "<group>";
		};
		8BCCFB5F296F118800CCB76D /* App */ = {
			isa = PBXGroup;
			children = (
				8BCCFB4B296F115A00CCB76D /* AppDelegate.swift */,
				8BCCFB4D296F115A00CCB76D /* SceneDelegate.swift */,
				8BCCFB59296F115A00CCB76D /* Info.plist */,
			);
			path = App;
			sourceTree = "<group>";
		};
		8BCCFB60296F119A00CCB76D /* Storyboards */ = {
			isa = PBXGroup;
			children = (
				8BCCFB51296F115A00CCB76D /* Main.storyboard */,
				8BCCFB56296F115A00CCB76D /* LaunchScreen.storyboard */,
			);
			path = Storyboards;
			sourceTree = "<group>";
		};
		8BCCFB61296F11AB00CCB76D /* Resource */ = {
			isa = PBXGroup;
			children = (
				8BCCFB54296F115A00CCB76D /* Assets.xcassets */,
			);
			path = Resource;
			sourceTree = "<group>";
		};
		8BCCFB62296F11B900CCB76D /* Viewcontrollers */ = {
			isa = PBXGroup;
			children = (
				8BCCFB4F296F115A00CCB76D /* DetailedViewController.swift */,
				8BAC3AAB2970DF050027456F /* CocktailsViewController.swift */,
			);
			path = Viewcontrollers;
			sourceTree = "<group>";
		};
		8BCCFB65296F122700CCB76D /* Models */ = {
			isa = PBXGroup;
			children = (
				8BCCFB63296F122100CCB76D /* Model.swift */,
			);
			path = Models;
			sourceTree = "<group>";
		};
		8BCCFB68296F126300CCB76D /* Services */ = {
			isa = PBXGroup;
			children = (
				8BCCFB66296F125A00CCB76D /* NetworkManager.swift */,
			);
			path = Services;
			sourceTree = "<group>";
		};
		8BCCFB6B29702E7B00CCB76D /* Views */ = {
			isa = PBXGroup;
			children = (
				8BCCFB6929702E5A00CCB76D /* IngredientCell.swift */,
				8BAC3AAD2970DFA40027456F /* CocktailCell.swift */,
			);
			path = Views;
			sourceTree = "<group>";
		};
/* End PBXGroup section */

/* Begin PBXNativeTarget section */
		8BCCFB47296F115A00CCB76D /* Cocktail */ = {
			isa = PBXNativeTarget;
			buildConfigurationList = 8BCCFB5C296F115A00CCB76D /* Build configuration list for PBXNativeTarget "Cocktail" */;
			buildPhases = (
				8BCCFB44296F115A00CCB76D /* Sources */,
				8BCCFB45296F115A00CCB76D /* Frameworks */,
				8BCCFB46296F115A00CCB76D /* Resources */,
			);
			buildRules = (
			);
			dependencies = (
			);
			name = Cocktail;
			productName = Cocktail;
			productReference = 8BCCFB48296F115A00CCB76D /* Cocktail.app */;
			productType = "com.apple.product-type.application";
		};
/* End PBXNativeTarget section */

/* Begin PBXProject section */
		8BCCFB40296F115A00CCB76D /* Project object */ = {
			isa = PBXProject;
			attributes = {
				BuildIndependentTargetsInParallel = 1;
				LastSwiftUpdateCheck = 1420;
				LastUpgradeCheck = 1420;
				TargetAttributes = {
					8BCCFB47296F115A00CCB76D = {
						CreatedOnToolsVersion = 14.2;
					};
				};
			};
			buildConfigurationList = 8BCCFB43296F115A00CCB76D /* Build configuration list for PBXProject "Cocktail" */;
			compatibilityVersion = "Xcode 14.0";
			developmentRegion = en;
			hasScannedForEncodings = 0;
			knownRegions = (
				en,
				Base,
			);
			mainGroup = 8BCCFB3F296F115A00CCB76D;
			productRefGroup = 8BCCFB49296F115A00CCB76D /* Products */;
			projectDirPath = "";
			projectRoot = "";
			targets = (
				8BCCFB47296F115A00CCB76D /* Cocktail */,
			);
		};
/* End PBXProject section */

/* Begin PBXResourcesBuildPhase section */
		8BCCFB46296F115A00CCB76D /* Resources */ = {
			isa = PBXResourcesBuildPhase;
			buildActionMask = 2147483647;
			files = (
				8BCCFB58296F115A00CCB76D /* LaunchScreen.storyboard in Resources */,
				8BCCFB55296F115A00CCB76D /* Assets.xcassets in Resources */,
				8BCCFB53296F115A00CCB76D /* Main.storyboard in Resources */,
			);
			runOnlyForDeploymentPostprocessing = 0;
		};
/* End PBXResourcesBuildPhase section */

/* Begin PBXSourcesBuildPhase section */
		8BCCFB44296F115A00CCB76D /* Sources */ = {
			isa = PBXSourcesBuildPhase;
			buildActionMask = 2147483647;
			files = (
				8BCCFB50296F115A00CCB76D /* DetailedViewController.swift in Sources */,
				8BCCFB4C296F115A00CCB76D /* AppDelegate.swift in Sources */,
				8BAC3AAE2970DFA40027456F /* CocktailCell.swift in Sources */,
				8BCCFB67296F125A00CCB76D /* NetworkManager.swift in Sources */,
				8BAC3AAC2970DF050027456F /* CocktailsViewController.swift in Sources */,
				8BCCFB6A29702E5A00CCB76D /* IngredientCell.swift in Sources */,
				8BCCFB4E296F115A00CCB76D /* SceneDelegate.swift in Sources */,
				8BCCFB64296F122100CCB76D /* Model.swift in Sources */,
			);
			runOnlyForDeploymentPostprocessing = 0;
		};
/* End PBXSourcesBuildPhase section */

/* Begin PBXVariantGroup section */
		8BCCFB51296F115A00CCB76D /* Main.storyboard */ = {
			isa = PBXVariantGroup;
			children = (
				8BCCFB52296F115A00CCB76D /* Base */,
			);
			name = Main.storyboard;
			sourceTree = "<group>";
		};
		8BCCFB56296F115A00CCB76D /* LaunchScreen.storyboard */ = {
			isa = PBXVariantGroup;
			children = (
				8BCCFB57296F115A00CCB76D /* Base */,
			);
			name = LaunchScreen.storyboard;
			sourceTree = "<group>";
		};
/* End PBXVariantGroup section */

/* Begin XCBuildConfiguration section */
		8BCCFB5A296F115A00CCB76D /* Debug */ = {
			isa = XCBuildConfiguration;
			buildSettings = {
				ALWAYS_SEARCH_USER_PATHS = NO;
				CLANG_ANALYZER_NONNULL = YES;
				CLANG_ANALYZER_NUMBER_OBJECT_CONVERSION = YES_AGGRESSIVE;
				CLANG_CXX_LANGUAGE_STANDARD = "gnu++20";
				CLANG_ENABLE_MODULES = YES;
				CLANG_ENABLE_OBJC_ARC = YES;
				CLANG_ENABLE_OBJC_WEAK = YES;
				CLANG_WARN_BLOCK_CAPTURE_AUTORELEASING = YES;
				CLANG_WARN_BOOL_CONVERSION = YES;
				CLANG_WARN_COMMA = YES;
				CLANG_WARN_CONSTANT_CONVERSION = YES;
				CLANG_WARN_DEPRECATED_OBJC_IMPLEMENTATIONS = YES;
				CLANG_WARN_DIRECT_OBJC_ISA_USAGE = YES_ERROR;
				CLANG_WARN_DOCUMENTATION_COMMENTS = YES;
				CLANG_WARN_EMPTY_BODY = YES;
				CLANG_WARN_ENUM_CONVERSION = YES;
				CLANG_WARN_INFINITE_RECURSION = YES;
				CLANG_WARN_INT_CONVERSION = YES;
				CLANG_WARN_NON_LITERAL_NULL_CONVERSION = YES;
				CLANG_WARN_OBJC_IMPLICIT_RETAIN_SELF = YES;
				CLANG_WARN_OBJC_LITERAL_CONVERSION = YES;
				CLANG_WARN_OBJC_ROOT_CLASS = YES_ERROR;
				CLANG_WARN_QUOTED_INCLUDE_IN_FRAMEWORK_HEADER = YES;
				CLANG_WARN_RANGE_LOOP_ANALYSIS = YES;
				CLANG_WARN_STRICT_PROTOTYPES = YES;
				CLANG_WARN_SUSPICIOUS_MOVE = YES;
				CLANG_WARN_UNGUARDED_AVAILABILITY = YES_AGGRESSIVE;
				CLANG_WARN_UNREACHABLE_CODE = YES;
				CLANG_WARN__DUPLICATE_METHOD_MATCH = YES;
				COPY_PHASE_STRIP = NO;
				DEBUG_INFORMATION_FORMAT = dwarf;
				ENABLE_STRICT_OBJC_MSGSEND = YES;
				ENABLE_TESTABILITY = YES;
				GCC_C_LANGUAGE_STANDARD = gnu11;
				GCC_DYNAMIC_NO_PIC = NO;
				GCC_NO_COMMON_BLOCKS = YES;
				GCC_OPTIMIZATION_LEVEL = 0;
				GCC_PREPROCESSOR_DEFINITIONS = (
					"DEBUG=1",
					"$(inherited)",
				);
				GCC_WARN_64_TO_32_BIT_CONVERSION = YES;
				GCC_WARN_ABOUT_RETURN_TYPE = YES_ERROR;
				GCC_WARN_UNDECLARED_SELECTOR = YES;
				GCC_WARN_UNINITIALIZED_AUTOS = YES_AGGRESSIVE;
				GCC_WARN_UNUSED_FUNCTION = YES;
				GCC_WARN_UNUSED_VARIABLE = YES;
				IPHONEOS_DEPLOYMENT_TARGET = 16.2;
				MTL_ENABLE_DEBUG_INFO = INCLUDE_SOURCE;
				MTL_FAST_MATH = YES;
				ONLY_ACTIVE_ARCH = YES;
				SDKROOT = iphoneos;
				SWIFT_ACTIVE_COMPILATION_CONDITIONS = DEBUG;
				SWIFT_OPTIMIZATION_LEVEL = "-Onone";
			};
			name = Debug;
		};
		8BCCFB5B296F115A00CCB76D /* Release */ = {
			isa = XCBuildConfiguration;
			buildSettings = {
				ALWAYS_SEARCH_USER_PATHS = NO;
				CLANG_ANALYZER_NONNULL = YES;
				CLANG_ANALYZER_NUMBER_OBJECT_CONVERSION = YES_AGGRESSIVE;
				CLANG_CXX_LANGUAGE_STANDARD = "gnu++20";
				CLANG_ENABLE_MODULES = YES;
				CLANG_ENABLE_OBJC_ARC = YES;
				CLANG_ENABLE_OBJC_WEAK = YES;
				CLANG_WARN_BLOCK_CAPTURE_AUTORELEASING = YES;
				CLANG_WARN_BOOL_CONVERSION = YES;
				CLANG_WARN_COMMA = YES;
				CLANG_WARN_CONSTANT_CONVERSION = YES;
				CLANG_WARN_DEPRECATED_OBJC_IMPLEMENTATIONS = YES;
				CLANG_WARN_DIRECT_OBJC_ISA_USAGE = YES_ERROR;
				CLANG_WARN_DOCUMENTATION_COMMENTS = YES;
				CLANG_WARN_EMPTY_BODY = YES;
				CLANG_WARN_ENUM_CONVERSION = YES;
				CLANG_WARN_INFINITE_RECURSION = YES;
				CLANG_WARN_INT_CONVERSION = YES;
				CLANG_WARN_NON_LITERAL_NULL_CONVERSION = YES;
				CLANG_WARN_OBJC_IMPLICIT_RETAIN_SELF = YES;
				CLANG_WARN_OBJC_LITERAL_CONVERSION = YES;
				CLANG_WARN_OBJC_ROOT_CLASS = YES_ERROR;
				CLANG_WARN_QUOTED_INCLUDE_IN_FRAMEWORK_HEADER = YES;
				CLANG_WARN_RANGE_LOOP_ANALYSIS = YES;
				CLANG_WARN_STRICT_PROTOTYPES = YES;
				CLANG_WARN_SUSPICIOUS_MOVE = YES;
				CLANG_WARN_UNGUARDED_AVAILABILITY = YES_AGGRESSIVE;
				CLANG_WARN_UNREACHABLE_CODE = YES;
				CLANG_WARN__DUPLICATE_METHOD_MATCH = YES;
				COPY_PHASE_STRIP = NO;
				DEBUG_INFORMATION_FORMAT = "dwarf-with-dsym";
				ENABLE_NS_ASSERTIONS = NO;
				ENABLE_STRICT_OBJC_MSGSEND = YES;
				GCC_C_LANGUAGE_STANDARD = gnu11;
				GCC_NO_COMMON_BLOCKS = YES;
				GCC_WARN_64_TO_32_BIT_CONVERSION = YES;
				GCC_WARN_ABOUT_RETURN_TYPE = YES_ERROR;
				GCC_WARN_UNDECLARED_SELECTOR = YES;
				GCC_WARN_UNINITIALIZED_AUTOS = YES_AGGRESSIVE;
				GCC_WARN_UNUSED_FUNCTION = YES;
				GCC_WARN_UNUSED_VARIABLE = YES;
				IPHONEOS_DEPLOYMENT_TARGET = 16.2;
				MTL_ENABLE_DEBUG_INFO = NO;
				MTL_FAST_MATH = YES;
				SDKROOT = iphoneos;
				SWIFT_COMPILATION_MODE = wholemodule;
				SWIFT_OPTIMIZATION_LEVEL = "-O";
				VALIDATE_PRODUCT = YES;
			};
			name = Release;
		};
		8BCCFB5D296F115A00CCB76D /* Debug */ = {
			isa = XCBuildConfiguration;
			buildSettings = {
				ASSETCATALOG_COMPILER_APPICON_NAME = AppIcon;
				ASSETCATALOG_COMPILER_GLOBAL_ACCENT_COLOR_NAME = AccentColor;
				CODE_SIGN_STYLE = Automatic;
				CURRENT_PROJECT_VERSION = 1;
				GENERATE_INFOPLIST_FILE = YES;
				INFOPLIST_FILE = Cocktail/App/Info.plist;
				INFOPLIST_KEY_UIApplicationSupportsIndirectInputEvents = YES;
				INFOPLIST_KEY_UILaunchStoryboardName = LaunchScreen;
				INFOPLIST_KEY_UIMainStoryboardFile = Main;
				INFOPLIST_KEY_UISupportedInterfaceOrientations_iPad = "UIInterfaceOrientationPortrait UIInterfaceOrientationPortraitUpsideDown UIInterfaceOrientationLandscapeLeft UIInterfaceOrientationLandscapeRight";
				INFOPLIST_KEY_UISupportedInterfaceOrientations_iPhone = "UIInterfaceOrientationPortrait UIInterfaceOrientationLandscapeLeft UIInterfaceOrientationLandscapeRight";
				LD_RUNPATH_SEARCH_PATHS = (
					"$(inherited)",
					"@executable_path/Frameworks",
				);
				MARKETING_VERSION = 1.0;
				PRODUCT_BUNDLE_IDENTIFIER = polyus.Cocktail;
				PRODUCT_NAME = "$(TARGET_NAME)";
				SUPPORTED_PLATFORMS = "iphoneos iphonesimulator";
				SUPPORTS_MACCATALYST = NO;
				SUPPORTS_MAC_DESIGNED_FOR_IPHONE_IPAD = NO;
				SWIFT_EMIT_LOC_STRINGS = YES;
				SWIFT_VERSION = 5.0;
				TARGETED_DEVICE_FAMILY = 1;
			};
			name = Debug;
		};
		8BCCFB5E296F115A00CCB76D /* Release */ = {
			isa = XCBuildConfiguration;
			buildSettings = {
				ASSETCATALOG_COMPILER_APPICON_NAME = AppIcon;
				ASSETCATALOG_COMPILER_GLOBAL_ACCENT_COLOR_NAME = AccentColor;
				CODE_SIGN_STYLE = Automatic;
				CURRENT_PROJECT_VERSION = 1;
				GENERATE_INFOPLIST_FILE = YES;
				INFOPLIST_FILE = Cocktail/App/Info.plist;
				INFOPLIST_KEY_UIApplicationSupportsIndirectInputEvents = YES;
				INFOPLIST_KEY_UILaunchStoryboardName = LaunchScreen;
				INFOPLIST_KEY_UIMainStoryboardFile = Main;
				INFOPLIST_KEY_UISupportedInterfaceOrientations_iPad = "UIInterfaceOrientationPortrait UIInterfaceOrientationPortraitUpsideDown UIInterfaceOrientationLandscapeLeft UIInterfaceOrientationLandscapeRight";
				INFOPLIST_KEY_UISupportedInterfaceOrientations_iPhone = "UIInterfaceOrientationPortrait UIInterfaceOrientationLandscapeLeft UIInterfaceOrientationLandscapeRight";
				LD_RUNPATH_SEARCH_PATHS = (
					"$(inherited)",
					"@executable_path/Frameworks",
				);
				MARKETING_VERSION = 1.0;
				PRODUCT_BUNDLE_IDENTIFIER = polyus.Cocktail;
				PRODUCT_NAME = "$(TARGET_NAME)";
				SUPPORTED_PLATFORMS = "iphoneos iphonesimulator";
				SUPPORTS_MACCATALYST = NO;
				SUPPORTS_MAC_DESIGNED_FOR_IPHONE_IPAD = NO;
				SWIFT_EMIT_LOC_STRINGS = YES;
				SWIFT_VERSION = 5.0;
				TARGETED_DEVICE_FAMILY = 1;
			};
			name = Release;
		};
/* End XCBuildConfiguration section */

/* Begin XCConfigurationList section */
		8BCCFB43296F115A00CCB76D /* Build configuration list for PBXProject "Cocktail" */ = {
			isa = XCConfigurationList;
			buildConfigurations = (
				8BCCFB5A296F115A00CCB76D /* Debug */,
				8BCCFB5B296F115A00CCB76D /* Release */,
			);
			defaultConfigurationIsVisible = 0;
			defaultConfigurationName = Release;
		};
		8BCCFB5C296F115A00CCB76D /* Build configuration list for PBXNativeTarget "Cocktail" */ = {
			isa = XCConfigurationList;
			buildConfigurations = (
				8BCCFB5D296F115A00CCB76D /* Debug */,
				8BCCFB5E296F115A00CCB76D /* Release */,
			);
			defaultConfigurationIsVisible = 0;
			defaultConfigurationName = Release;
		};
/* End XCConfigurationList section */
	};
	rootObject = 8BCCFB40296F115A00CCB76D /* Project object */;
}
